
Microsoft Visual Studio Solution File, Format Version 12.00
# Visual Studio Version 17
VisualStudioVersion = 17.4.33213.308
MinimumVisualStudioVersion = 10.0.40219.1
Project("{FAE04EC0-301F-11D3-BF4B-00C04F79EFBC}") = "Example__Feb7", "Example__Feb7.csproj", "{C2B26D28-3DF3-415C-8EF3-A800A27CB0E2}"
EndProject
Global
	GlobalSection(SolutionConfigurationPlatforms) = preSolution
		Debug|Any CPU = Debug|Any CPU
		Release|Any CPU = Release|Any CPU
	EndGlobalSection
	GlobalSection(ProjectConfigurationPlatforms) = postSolution
		{C2B26D28-3DF3-415C-8EF3-A800A27CB0E2}.Debug|Any CPU.ActiveCfg = Debug|Any CPU
		{C2B26D28-3DF3-415C-8EF3-A800A27CB0E2}.Debug|Any CPU.Build.0 = Debug|Any CPU
		{C2B26D28-3DF3-415C-8EF3-A800A27CB0E2}.Release|Any CPU.ActiveCfg = Release|Any CPU
		{C2B26D28-3DF3-415C-8EF3-A800A27CB0E2}.Release|Any CPU.Build.0 = Release|Any CPU
	EndGlobalSection
	GlobalSection(SolutionProperties) = preSolution
		HideSolutionNode = FALSE
	EndGlobalSection
	GlobalSection(ExtensibilityGlobals) = postSolution
		SolutionGuid = {390D1EB7-A1B9-4932-8F8D-40508C3D6399}
	EndGlobalSection
EndGlobal
