
Microsoft Visual Studio Solution File, Format Version 12.00
# Visual Studio Version 17
VisualStudioVersion = 17.4.33213.308
MinimumVisualStudioVersion = 10.0.40219.1
Project("{FAE04EC0-301F-11D3-BF4B-00C04F79EFBC}") = "ExceptionalHandling__Feb7", "ExceptionalHandling__Feb7.csproj", "{2BF5FFFC-6D6D-4B71-B743-5C205F91DF45}"
EndProject
Global
	GlobalSection(SolutionConfigurationPlatforms) = preSolution
		Debug|Any CPU = Debug|Any CPU
		Release|Any CPU = Release|Any CPU
	EndGlobalSection
	GlobalSection(ProjectConfigurationPlatforms) = postSolution
		{2BF5FFFC-6D6D-4B71-B743-5C205F91DF45}.Debug|Any CPU.ActiveCfg = Debug|Any CPU
		{2BF5FFFC-6D6D-4B71-B743-5C205F91DF45}.Debug|Any CPU.Build.0 = Debug|Any CPU
		{2BF5FFFC-6D6D-4B71-B743-5C205F91DF45}.Release|Any CPU.ActiveCfg = Release|Any CPU
		{2BF5FFFC-6D6D-4B71-B743-5C205F91DF45}.Release|Any CPU.Build.0 = Release|Any CPU
	EndGlobalSection
	GlobalSection(SolutionProperties) = preSolution
		HideSolutionNode = FALSE
	EndGlobalSection
	GlobalSection(ExtensibilityGlobals) = postSolution
		SolutionGuid = {B1E76E37-4B5B-4A77-8F44-399178C2771F}
	EndGlobalSection
EndGlobal
